
Microsoft Visual Studio Solution File, Format Version 12.00
# Visual Studio Version 17
VisualStudioVersion = 17.1.32421.90
MinimumVisualStudioVersion = 10.0.40219.1
Project("{FAE04EC0-301F-11D3-BF4B-00C04F79EFBC}") = "WebToy", "WebToy\WebToy.csproj", "{C5A8CDEF-E7B5-4597-9DDB-2A5D2554F574}"
EndProject
Global
	GlobalSection(SolutionConfigurationPlatforms) = preSolution
		Debug|Any CPU = Debug|Any CPU
		Release|Any CPU = Release|Any CPU
	EndGlobalSection
	GlobalSection(ProjectConfigurationPlatforms) = postSolution
		{C5A8CDEF-E7B5-4597-9DDB-2A5D2554F574}.Debug|Any CPU.ActiveCfg = Debug|Any CPU
		{C5A8CDEF-E7B5-4597-9DDB-2A5D2554F574}.Debug|Any CPU.Build.0 = Debug|Any CPU
		{C5A8CDEF-E7B5-4597-9DDB-2A5D2554F574}.Release|Any CPU.ActiveCfg = Release|Any CPU
		{C5A8CDEF-E7B5-4597-9DDB-2A5D2554F574}.Release|Any CPU.Build.0 = Release|Any CPU
	EndGlobalSection
	GlobalSection(SolutionProperties) = preSolution
		HideSolutionNode = FALSE
	EndGlobalSection
	GlobalSection(ExtensibilityGlobals) = postSolution
		SolutionGuid = {39A0471B-1877-43B9-ACBA-2EBE6F4A70A4}
	EndGlobalSection
EndGlobal
